// !$*UTF8*$!
{
	archiveVersion = 1;
	classes = {
	};
	objectVersion = 46;
	objects = {

/* Begin PBXBuildFile section */
		FFB728EF1C3016BB0053E109 /* main.m in Sources */ = {isa = PBXBuildFile; fileRef = FFB728EE1C3016BB0053E109 /* main.m */; };
		FFB728F21C3016BB0053E109 /* AppDelegate.m in Sources */ = {isa = PBXBuildFile; fileRef = FFB728F11C3016BB0053E109 /* AppDelegate.m */; };
		FFB728F51C3016BB0053E109 /* ViewController.m in Sources */ = {isa = PBXBuildFile; fileRef = FFB728F41C3016BB0053E109 /* ViewController.m */; };
		FFB728F81C3016BB0053E109 /* Main.storyboard in Resources */ = {isa = PBXBuildFile; fileRef = FFB728F61C3016BB0053E109 /* Main.storyboard */; };
		FFB728FA1C3016BB0053E109 /* Assets.xcassets in Resources */ = {isa = PBXBuildFile; fileRef = FFB728F91C3016BB0053E109 /* Assets.xcassets */; };
		FFB728FD1C3016BB0053E109 /* LaunchScreen.storyboard in Resources */ = {isa = PBXBuildFile; fileRef = FFB728FB1C3016BB0053E109 /* LaunchScreen.storyboard */; };
		FFB729081C3016BB0053E109 /* RSTableviewTests.m in Sources */ = {isa = PBXBuildFile; fileRef = FFB729071C3016BB0053E109 /* RSTableviewTests.m */; };
		FFB729131C3016BB0053E109 /* RSTableviewUITests.m in Sources */ = {isa = PBXBuildFile; fileRef = FFB729121C3016BB0053E109 /* RSTableviewUITests.m */; };
/* End PBXBuildFile section */

/* Begin PBXContainerItemProxy section */
		FFB729041C3016BB0053E109 /* PBXContainerItemProxy */ = {
			isa = PBXContainerItemProxy;
			containerPortal = FFB728E21C3016BB0053E109 /* Project object */;
			proxyType = 1;
			remoteGlobalIDString = FFB728E91C3016BB0053E109;
			remoteInfo = RSTableview;
		};
		FFB7290F1C3016BB0053E109 /* PBXContainerItemProxy */ = {
			isa = PBXContainerItemProxy;
			containerPortal = FFB728E21C3016BB0053E109 /* Project object */;
			proxyType = 1;
			remoteGlobalIDString = FFB728E91C3016BB0053E109;
			remoteInfo = RSTableview;
		};
/* End PBXContainerItemProxy section */

/* Begin PBXFileReference section */
		FFB728EA1C3016BB0053E109 /* RSTableview.app */ = {isa = PBXFileReference; explicitFileType = wrapper.application; includeInIndex = 0; path = RSTableview.app; sourceTree = BUILT_PRODUCTS_DIR; };
		FFB728EE1C3016BB0053E109 /* main.m */ = {isa = PBXFileReference; lastKnownFileType = sourcecode.c.objc; path = main.m; sourceTree = "<group>"; };
		FFB728F01C3016BB0053E109 /* AppDelegate.h */ = {isa = PBXFileReference; lastKnownFileType = sourcecode.c.h; path = AppDelegate.h; sourceTree = "<group>"; };
		FFB728F11C3016BB0053E109 /* AppDelegate.m */ = {isa = PBXFileReference; lastKnownFileType = sourcecode.c.objc; path = AppDelegate.m; sourceTree = "<group>"; };
		FFB728F31C3016BB0053E109 /* ViewController.h */ = {isa = PBXFileReference; lastKnownFileType = sourcecode.c.h; path = ViewController.h; sourceTree = "<group>"; };
		FFB728F41C3016BB0053E109 /* ViewController.m */ = {isa = PBXFileReference; lastKnownFileType = sourcecode.c.objc; path = ViewController.m; sourceTree = "<group>"; };
		FFB728F71C3016BB0053E109 /* Base */ = {isa = PBXFileReference; lastKnownFileType = file.storyboard; name = Base; path = Base.lproj/Main.storyboard; sourceTree = "<group>"; };
		FFB728F91C3016BB0053E109 /* Assets.xcassets */ = {isa = PBXFileReference; lastKnownFileType = folder.assetcatalog; path = Assets.xcassets; sourceTree = "<group>"; };
		FFB728FC1C3016BB0053E109 /* Base */ = {isa = PBXFileReference; lastKnownFileType = file.storyboard; name = Base; path = Base.lproj/LaunchScreen.storyboard; sourceTree = "<group>"; };
		FFB728FE1C3016BB0053E109 /* Info.plist */ = {isa = PBXFileReference; lastKnownFileType = text.plist.xml; path = Info.plist; sourceTree = "<group>"; };
		FFB729031C3016BB0053E109 /* RSTableviewTests.xctest */ = {isa = PBXFileReference; explicitFileType = wrapper.cfbundle; includeInIndex = 0; path = RSTableviewTests.xctest; sourceTree = BUILT_PRODUCTS_DIR; };
		FFB729071C3016BB0053E109 /* RSTableviewTests.m */ = {isa = PBXFileReference; lastKnownFileType = sourcecode.c.objc; path = RSTableviewTests.m; sourceTree = "<group>"; };
		FFB729091C3016BB0053E109 /* Info.plist */ = {isa = PBXFileReference; lastKnownFileType = text.plist.xml; path = Info.plist; sourceTree = "<group>"; };
		FFB7290E1C3016BB0053E109 /* RSTableviewUITests.xctest */ = {isa = PBXFileReference; explicitFileType = wrapper.cfbundle; includeInIndex = 0; path = RSTableviewUITests.xctest; sourceTree = BUILT_PRODUCTS_DIR; };
		FFB729121C3016BB0053E109 /* RSTableviewUITests.m */ = {isa = PBXFileReference; lastKnownFileType = sourcecode.c.objc; path = RSTableviewUITests.m; sourceTree = "<group>"; };
		FFB729141C3016BB0053E109 /* Info.plist */ = {isa = PBXFileReference; lastKnownFileType = text.plist.xml; path = Info.plist; sourceTree = "<group>"; };
/* End PBXFileReference section */

/* Begin PBXFrameworksBuildPhase section */
		FFB728E71C3016BB0053E109 /* Frameworks */ = {
			isa = PBXFrameworksBuildPhase;
			buildActionMask = 2147483647;
			files = (
			);
			runOnlyForDeploymentPostprocessing = 0;
		};
		FFB729001C3016BB0053E109 /* Frameworks */ = {
			isa = PBXFrameworksBuildPhase;
			buildActionMask = 2147483647;
			files = (
			);
			runOnlyForDeploymentPostprocessing = 0;
		};
		FFB7290B1C3016BB0053E109 /* Frameworks */ = {
			isa = PBXFrameworksBuildPhase;
			buildActionMask = 2147483647;
			files = (
			);
			runOnlyForDeploymentPostprocessing = 0;
		};
/* End PBXFrameworksBuildPhase section */

/* Begin PBXGroup section */
		FFB728E11C3016BB0053E109 = {
			isa = PBXGroup;
			children = (
				FFB728EC1C3016BB0053E109 /* RSTableview */,
				FFB729061C3016BB0053E109 /* RSTableviewTests */,
				FFB729111C3016BB0053E109 /* RSTableviewUITests */,
				FFB728EB1C3016BB0053E109 /* Products */,
			);
			sourceTree = "<group>";
		};
		FFB728EB1C3016BB0053E109 /* Products */ = {
			isa = PBXGroup;
			children = (
				FFB728EA1C3016BB0053E109 /* RSTableview.app */,
				FFB729031C3016BB0053E109 /* RSTableviewTests.xctest */,
				FFB7290E1C3016BB0053E109 /* RSTableviewUITests.xctest */,
			);
			name = Products;
			sourceTree = "<group>";
		};
		FFB728EC1C3016BB0053E109 /* RSTableview */ = {
			isa = PBXGroup;
			children = (
				FFB728F01C3016BB0053E109 /* AppDelegate.h */,
				FFB728F11C3016BB0053E109 /* AppDelegate.m */,
				FFB728F31C3016BB0053E109 /* ViewController.h */,
				FFB728F41C3016BB0053E109 /* ViewController.m */,
				FFB728F61C3016BB0053E109 /* Main.storyboard */,
				FFB728F91C3016BB0053E109 /* Assets.xcassets */,
				FFB728FB1C3016BB0053E109 /* LaunchScreen.storyboard */,
				FFB728FE1C3016BB0053E109 /* Info.plist */,
				FFB728ED1C3016BB0053E109 /* Supporting Files */,
			);
			path = RSTableview;
			sourceTree = "<group>";
		};
		FFB728ED1C3016BB0053E109 /* Supporting Files */ = {
			isa = PBXGroup;
			children = (
				FFB728EE1C3016BB0053E109 /* main.m */,
			);
			name = "Supporting Files";
			sourceTree = "<group>";
		};
		FFB729061C3016BB0053E109 /* RSTableviewTests */ = {
			isa = PBXGroup;
			children = (
				FFB729071C3016BB0053E109 /* RSTableviewTests.m */,
				FFB729091C3016BB0053E109 /* Info.plist */,
			);
			path = RSTableviewTests;
			sourceTree = "<group>";
		};
		FFB729111C3016BB0053E109 /* RSTableviewUITests */ = {
			isa = PBXGroup;
			children = (
				FFB729121C3016BB0053E109 /* RSTableviewUITests.m */,
				FFB729141C3016BB0053E109 /* Info.plist */,
			);
			path = RSTableviewUITests;
			sourceTree = "<group>";
		};
/* End PBXGroup section */

/* Begin PBXNativeTarget section */
		FFB728E91C3016BB0053E109 /* RSTableview */ = {
			isa = PBXNativeTarget;
			buildConfigurationList = FFB729171C3016BB0053E109 /* Build configuration list for PBXNativeTarget "RSTableview" */;
			buildPhases = (
				FFB728E61C3016BB0053E109 /* Sources */,
				FFB728E71C3016BB0053E109 /* Frameworks */,
				FFB728E81C3016BB0053E109 /* Resources */,
			);
			buildRules = (
			);
			dependencies = (
			);
			name = RSTableview;
			productName = RSTableview;
			productReference = FFB728EA1C3016BB0053E109 /* RSTableview.app */;
			productType = "com.apple.product-type.application";
		};
		FFB729021C3016BB0053E109 /* RSTableviewTests */ = {
			isa = PBXNativeTarget;
			buildConfigurationList = FFB7291A1C3016BB0053E109 /* Build configuration list for PBXNativeTarget "RSTableviewTests" */;
			buildPhases = (
				FFB728FF1C3016BB0053E109 /* Sources */,
				FFB729001C3016BB0053E109 /* Frameworks */,
				FFB729011C3016BB0053E109 /* Resources */,
			);
			buildRules = (
			);
			dependencies = (
				FFB729051C3016BB0053E109 /* PBXTargetDependency */,
			);
			name = RSTableviewTests;
			productName = RSTableviewTests;
			productReference = FFB729031C3016BB0053E109 /* RSTableviewTests.xctest */;
			productType = "com.apple.product-type.bundle.unit-test";
		};
		FFB7290D1C3016BB0053E109 /* RSTableviewUITests */ = {
			isa = PBXNativeTarget;
			buildConfigurationList = FFB7291D1C3016BB0053E109 /* Build configuration list for PBXNativeTarget "RSTableviewUITests" */;
			buildPhases = (
				FFB7290A1C3016BB0053E109 /* Sources */,
				FFB7290B1C3016BB0053E109 /* Frameworks */,
				FFB7290C1C3016BB0053E109 /* Resources */,
			);
			buildRules = (
			);
			dependencies = (
				FFB729101C3016BB0053E109 /* PBXTargetDependency */,
			);
			name = RSTableviewUITests;
			productName = RSTableviewUITests;
			productReference = FFB7290E1C3016BB0053E109 /* RSTableviewUITests.xctest */;
			productType = "com.apple.product-type.bundle.ui-testing";
		};
/* End PBXNativeTarget section */

/* Begin PBXProject section */
		FFB728E21C3016BB0053E109 /* Project object */ = {
			isa = PBXProject;
			attributes = {
				LastUpgradeCheck = 0720;
				ORGANIZATIONNAME = Resory;
				TargetAttributes = {
					FFB728E91C3016BB0053E109 = {
						CreatedOnToolsVersion = 7.2;
					};
					FFB729021C3016BB0053E109 = {
						CreatedOnToolsVersion = 7.2;
						TestTargetID = FFB728E91C3016BB0053E109;
					};
					FFB7290D1C3016BB0053E109 = {
						CreatedOnToolsVersion = 7.2;
						TestTargetID = FFB728E91C3016BB0053E109;
					};
				};
			};
			buildConfigurationList = FFB728E51C3016BB0053E109 /* Build configuration list for PBXProject "RSTableview" */;
			compatibilityVersion = "Xcode 3.2";
			developmentRegion = English;
			hasScannedForEncodings = 0;
			knownRegions = (
				en,
				Base,
			);
			mainGroup = FFB728E11C3016BB0053E109;
			productRefGroup = FFB728EB1C3016BB0053E109 /* Products */;
			projectDirPath = "";
			projectRoot = "";
			targets = (
				FFB728E91C3016BB0053E109 /* RSTableview */,
				FFB729021C3016BB0053E109 /* RSTableviewTests */,
				FFB7290D1C3016BB0053E109 /* RSTableviewUITests */,
			);
		};
/* End PBXProject section */

/* Begin PBXResourcesBuildPhase section */
		FFB728E81C3016BB0053E109 /* Resources */ = {
			isa = PBXResourcesBuildPhase;
			buildActionMask = 2147483647;
			files = (
				FFB728FD1C3016BB0053E109 /* LaunchScreen.storyboard in Resources */,
				FFB728FA1C3016BB0053E109 /* Assets.xcassets in Resources */,
				FFB728F81C3016BB0053E109 /* Main.storyboard in Resources */,
			);
			runOnlyForDeploymentPostprocessing = 0;
		};
		FFB729011C3016BB0053E109 /* Resources */ = {
			isa = PBXResourcesBuildPhase;
			buildActionMask = 2147483647;
			files = (
			);
			runOnlyForDeploymentPostprocessing = 0;
		};
		FFB7290C1C3016BB0053E109 /* Resources */ = {
			isa = PBXResourcesBuildPhase;
			buildActionMask = 2147483647;
			files = (
			);
			runOnlyForDeploymentPostprocessing = 0;
		};
/* End PBXResourcesBuildPhase section */

/* Begin PBXSourcesBuildPhase section */
		FFB728E61C3016BB0053E109 /* Sources */ = {
			isa = PBXSourcesBuildPhase;
			buildActionMask = 2147483647;
			files = (
				FFB728F51C3016BB0053E109 /* ViewController.m in Sources */,
				FFB728F21C3016BB0053E109 /* AppDelegate.m in Sources */,
				FFB728EF1C3016BB0053E109 /* main.m in Sources */,
			);
			runOnlyForDeploymentPostprocessing = 0;
		};
		FFB728FF1C3016BB0053E109 /* Sources */ = {
			isa = PBXSourcesBuildPhase;
			buildActionMask = 2147483647;
			files = (
				FFB729081C3016BB0053E109 /* RSTableviewTests.m in Sources */,
			);
			runOnlyForDeploymentPostprocessing = 0;
		};
		FFB7290A1C3016BB0053E109 /* Sources */ = {
			isa = PBXSourcesBuildPhase;
			buildActionMask = 2147483647;
			files = (
				FFB729131C3016BB0053E109 /* RSTableviewUITests.m in Sources */,
			);
			runOnlyForDeploymentPostprocessing = 0;
		};
/* End PBXSourcesBuildPhase section */

/* Begin PBXTargetDependency section */
		FFB729051C3016BB0053E109 /* PBXTargetDependency */ = {
			isa = PBXTargetDependency;
			target = FFB728E91C3016BB0053E109 /* RSTableview */;
			targetProxy = FFB729041C3016BB0053E109 /* PBXContainerItemProxy */;
		};
		FFB729101C3016BB0053E109 /* PBXTargetDependency */ = {
			isa = PBXTargetDependency;
			target = FFB728E91C3016BB0053E109 /* RSTableview */;
			targetProxy = FFB7290F1C3016BB0053E109 /* PBXContainerItemProxy */;
		};
/* End PBXTargetDependency section */

/* Begin PBXVariantGroup section */
		FFB728F61C3016BB0053E109 /* Main.storyboard */ = {
			isa = PBXVariantGroup;
			children = (
				FFB728F71C3016BB0053E109 /* Base */,
			);
			name = Main.storyboard;
			sourceTree = "<group>";
		};
		FFB728FB1C3016BB0053E109 /* LaunchScreen.storyboard */ = {
			isa = PBXVariantGroup;
			children = (
				FFB728FC1C3016BB0053E109 /* Base */,
			);
			name = LaunchScreen.storyboard;
			sourceTree = "<group>";
		};
/* End PBXVariantGroup section */

/* Begin XCBuildConfiguration section */
		FFB729151C3016BB0053E109 /* Debug */ = {
			isa = XCBuildConfiguration;
			buildSettings = {
				ALWAYS_SEARCH_USER_PATHS = NO;
				CLANG_CXX_LANGUAGE_STANDARD = "gnu++0x";
				CLANG_CXX_LIBRARY = "libc++";
				CLANG_ENABLE_MODULES = YES;
				CLANG_ENABLE_OBJC_ARC = YES;
				CLANG_WARN_BOOL_CONVERSION = YES;
				CLANG_WARN_CONSTANT_CONVERSION = YES;
				CLANG_WARN_DIRECT_OBJC_ISA_USAGE = YES_ERROR;
				CLANG_WARN_EMPTY_BODY = YES;
				CLANG_WARN_ENUM_CONVERSION = YES;
				CLANG_WARN_INT_CONVERSION = YES;
				CLANG_WARN_OBJC_ROOT_CLASS = YES_ERROR;
				CLANG_WARN_UNREACHABLE_CODE = YES;
				CLANG_WARN__DUPLICATE_METHOD_MATCH = YES;
				"CODE_SIGN_IDENTITY[sdk=iphoneos*]" = "iPhone Developer";
				COPY_PHASE_STRIP = NO;
				DEBUG_INFORMATION_FORMAT = dwarf;
				ENABLE_STRICT_OBJC_MSGSEND = YES;
				ENABLE_TESTABILITY = YES;
				GCC_C_LANGUAGE_STANDARD = gnu99;
				GCC_DYNAMIC_NO_PIC = NO;
				GCC_NO_COMMON_BLOCKS = YES;
				GCC_OPTIMIZATION_LEVEL = 0;
				GCC_PREPROCESSOR_DEFINITIONS = (
					"DEBUG=1",
					"$(inherited)",
				);
				GCC_WARN_64_TO_32_BIT_CONVERSION = YES;
				GCC_WARN_ABOUT_RETURN_TYPE = YES_ERROR;
				GCC_WARN_UNDECLARED_SELECTOR = YES;
				GCC_WARN_UNINITIALIZED_AUTOS = YES_AGGRESSIVE;
				GCC_WARN_UNUSED_FUNCTION = YES;
				GCC_WARN_UNUSED_VARIABLE = YES;
				IPHONEOS_DEPLOYMENT_TARGET = 9.2;
				MTL_ENABLE_DEBUG_INFO = YES;
				ONLY_ACTIVE_ARCH = YES;
				SDKROOT = iphoneos;
			};
			name = Debug;
		};
		FFB729161C3016BB0053E109 /* Release */ = {
			isa = XCBuildConfiguration;
			buildSettings = {
				ALWAYS_SEARCH_USER_PATHS = NO;
				CLANG_CXX_LANGUAGE_STANDARD = "gnu++0x";
				CLANG_CXX_LIBRARY = "libc++";
				CLANG_ENABLE_MODULES = YES;
				CLANG_ENABLE_OBJC_ARC = YES;
				CLANG_WARN_BOOL_CONVERSION = YES;
				CLANG_WARN_CONSTANT_CONVERSION = YES;
				CLANG_WARN_DIRECT_OBJC_ISA_USAGE = YES_ERROR;
				CLANG_WARN_EMPTY_BODY = YES;
				CLANG_WARN_ENUM_CONVERSION = YES;
				CLANG_WARN_INT_CONVERSION = YES;
				CLANG_WARN_OBJC_ROOT_CLASS = YES_ERROR;
				CLANG_WARN_UNREACHABLE_CODE = YES;
				CLANG_WARN__DUPLICATE_METHOD_MATCH = YES;
				"CODE_SIGN_IDENTITY[sdk=iphoneos*]" = "iPhone Developer";
				COPY_PHASE_STRIP = NO;
				DEBUG_INFORMATION_FORMAT = "dwarf-with-dsym";
				ENABLE_NS_ASSERTIONS = NO;
				ENABLE_STRICT_OBJC_MSGSEND = YES;
				GCC_C_LANGUAGE_STANDARD = gnu99;
				GCC_NO_COMMON_BLOCKS = YES;
				GCC_WARN_64_TO_32_BIT_CONVERSION = YES;
				GCC_WARN_ABOUT_RETURN_TYPE = YES_ERROR;
				GCC_WARN_UNDECLARED_SELECTOR = YES;
				GCC_WARN_UNINITIALIZED_AUTOS = YES_AGGRESSIVE;
				GCC_WARN_UNUSED_FUNCTION = YES;
				GCC_WARN_UNUSED_VARIABLE = YES;
				IPHONEOS_DEPLOYMENT_TARGET = 9.2;
				MTL_ENABLE_DEBUG_INFO = NO;
				SDKROOT = iphoneos;
				VALIDATE_PRODUCT = YES;
			};
			name = Release;
		};
		FFB729181C3016BB0053E109 /* Debug */ = {
			isa = XCBuildConfiguration;
			buildSettings = {
				ASSETCATALOG_COMPILER_APPICON_NAME = AppIcon;
				INFOPLIST_FILE = RSTableview/Info.plist;
				LD_RUNPATH_SEARCH_PATHS = "$(inherited) @executable_path/Frameworks";
				PRODUCT_BUNDLE_IDENTIFIER = com.resory.RSTableview;
				PRODUCT_NAME = "$(TARGET_NAME)";
			};
			name = Debug;
		};
		FFB729191C3016BB0053E109 /* Release */ = {
			isa = XCBuildConfiguration;
			buildSettings = {
				ASSETCATALOG_COMPILER_APPICON_NAME = AppIcon;
				INFOPLIST_FILE = RSTableview/Info.plist;
				LD_RUNPATH_SEARCH_PATHS = "$(inherited) @executable_path/Frameworks";
				PRODUCT_BUNDLE_IDENTIFIER = com.resory.RSTableview;
				PRODUCT_NAME = "$(TARGET_NAME)";
			};
			name = Release;
		};
		FFB7291B1C3016BB0053E109 /* Debug */ = {
			isa = XCBuildConfiguration;
			buildSettings = {
				BUNDLE_LOADER = "$(TEST_HOST)";
				INFOPLIST_FILE = RSTableviewTests/Info.plist;
				LD_RUNPATH_SEARCH_PATHS = "$(inherited) @executable_path/Frameworks @loader_path/Frameworks";
				PRODUCT_BUNDLE_IDENTIFIER = com.resory.RSTableviewTests;
				PRODUCT_NAME = "$(TARGET_NAME)";
				TEST_HOST = "$(BUILT_PRODUCTS_DIR)/RSTableview.app/RSTableview";
			};
			name = Debug;
		};
		FFB7291C1C3016BB0053E109 /* Release */ = {
			isa = XCBuildConfiguration;
			buildSettings = {
				BUNDLE_LOADER = "$(TEST_HOST)";
				INFOPLIST_FILE = RSTableviewTests/Info.plist;
				LD_RUNPATH_SEARCH_PATHS = "$(inherited) @executable_path/Frameworks @loader_path/Frameworks";
				PRODUCT_BUNDLE_IDENTIFIER = com.resory.RSTableviewTests;
				PRODUCT_NAME = "$(TARGET_NAME)";
				TEST_HOST = "$(BUILT_PRODUCTS_DIR)/RSTableview.app/RSTableview";
			};
			name = Release;
		};
		FFB7291E1C3016BB0053E109 /* Debug */ = {
			isa = XCBuildConfiguration;
			buildSettings = {
				INFOPLIST_FILE = RSTableviewUITests/Info.plist;
				LD_RUNPATH_SEARCH_PATHS = "$(inherited) @executable_path/Frameworks @loader_path/Frameworks";
				PRODUCT_BUNDLE_IDENTIFIER = com.resory.RSTableviewUITests;
				PRODUCT_NAME = "$(TARGET_NAME)";
				TEST_TARGET_NAME = RSTableview;
				USES_XCTRUNNER = YES;
			};
			name = Debug;
		};
		FFB7291F1C3016BB0053E109 /* Release */ = {
			isa = XCBuildConfiguration;
			buildSettings = {
				INFOPLIST_FILE = RSTableviewUITests/Info.plist;
				LD_RUNPATH_SEARCH_PATHS = "$(inherited) @executable_path/Frameworks @loader_path/Frameworks";
				PRODUCT_BUNDLE_IDENTIFIER = com.resory.RSTableviewUITests;
				PRODUCT_NAME = "$(TARGET_NAME)";
				TEST_TARGET_NAME = RSTableview;
				USES_XCTRUNNER = YES;
			};
			name = Release;
		};
/* End XCBuildConfiguration section */

/* Begin XCConfigurationList section */
		FFB728E51C3016BB0053E109 /* Build configuration list for PBXProject "RSTableview" */ = {
			isa = XCConfigurationList;
			buildConfigurations = (
				FFB729151C3016BB0053E109 /* Debug */,
				FFB729161C3016BB0053E109 /* Release */,
			);
			defaultConfigurationIsVisible = 0;
			defaultConfigurationName = Release;
		};
		FFB729171C3016BB0053E109 /* Build configuration list for PBXNativeTarget "RSTableview" */ = {
			isa = XCConfigurationList;
			buildConfigurations = (
				FFB729181C3016BB0053E109 /* Debug */,
				FFB729191C3016BB0053E109 /* Release */,
			);
			defaultConfigurationIsVisible = 0;
		};
		FFB7291A1C3016BB0053E109 /* Build configuration list for PBXNativeTarget "RSTableviewTests" */ = {
			isa = XCConfigurationList;
			buildConfigurations = (
				FFB7291B1C3016BB0053E109 /* Debug */,
				FFB7291C1C3016BB0053E109 /* Release */,
			);
			defaultConfigurationIsVisible = 0;
		};
		FFB7291D1C3016BB0053E109 /* Build configuration list for PBXNativeTarget "RSTableviewUITests" */ = {
			isa = XCConfigurationList;
			buildConfigurations = (
				FFB7291E1C3016BB0053E109 /* Debug */,
				FFB7291F1C3016BB0053E109 /* Release */,
			);
			defaultConfigurationIsVisible = 0;
		};
/* End XCConfigurationList section */
	};
	rootObject = FFB728E21C3016BB0053E109 /* Project object */;
}
